// !$*UTF8*$!
{
	archiveVersion = 1;
	classes = {
	};
	objectVersion = 50;
	objects = {

/* Begin PBXBuildFile section */
		CD1083A22233BA3300EAE560 /* SearchModel.swift in Sources */ = {isa = PBXBuildFile; fileRef = CD1083A12233BA3200EAE560 /* SearchModel.swift */; };
		CD1083A5223418AD00EAE560 /* SearchResultController.swift in Sources */ = {isa = PBXBuildFile; fileRef = CD1083A4223418AD00EAE560 /* SearchResultController.swift */; };
		CD13465E222C27F200331DBA /* SearchAppleApi.swift in Sources */ = {isa = PBXBuildFile; fileRef = CD13465D222C27F200331DBA /* SearchAppleApi.swift */; };
		CD3EC524222ADBB700ECDD73 /* AppDelegate.swift in Sources */ = {isa = PBXBuildFile; fileRef = CD3EC523222ADBB700ECDD73 /* AppDelegate.swift */; };
		CD3EC526222ADBB700ECDD73 /* testViewCon.swift in Sources */ = {isa = PBXBuildFile; fileRef = CD3EC525222ADBB700ECDD73 /* testViewCon.swift */; };
		CD3EC529222ADBB700ECDD73 /* Main.storyboard in Resources */ = {isa = PBXBuildFile; fileRef = CD3EC527222ADBB700ECDD73 /* Main.storyboard */; };
		CD3EC52B222ADBB900ECDD73 /* Assets.xcassets in Resources */ = {isa = PBXBuildFile; fileRef = CD3EC52A222ADBB900ECDD73 /* Assets.xcassets */; };
		CD3EC52E222ADBB900ECDD73 /* LaunchScreen.storyboard in Resources */ = {isa = PBXBuildFile; fileRef = CD3EC52C222ADBB900ECDD73 /* LaunchScreen.storyboard */; };
		CD46AA07222AE1EF002EE3FE /* .swiftlint.yml in Resources */ = {isa = PBXBuildFile; fileRef = CD46AA06222AE1EF002EE3FE /* .swiftlint.yml */; };
		E4EA54C32236339A00426D0E /* AppleSearchDBManager.swift in Sources */ = {isa = PBXBuildFile; fileRef = E4EA54C22236339A00426D0E /* AppleSearchDBManager.swift */; };
		E4F88FC922365195001B729F /* NetworkCommunication.swift in Sources */ = {isa = PBXBuildFile; fileRef = E4F88FC822365195001B729F /* NetworkCommunication.swift */; };
		E4F88FCB2237798C001B729F /* SearchViewController.swift in Sources */ = {isa = PBXBuildFile; fileRef = E4F88FCA2237798C001B729F /* SearchViewController.swift */; };
		E4F88FCD2237AFB8001B729F /* SearchListController.swift in Sources */ = {isa = PBXBuildFile; fileRef = E4F88FCC2237AFB8001B729F /* SearchListController.swift */; };
		E4F88FD42238E465001B729F /* SearchListCell.xib in Resources */ = {isa = PBXBuildFile; fileRef = E4F88FD32238E465001B729F /* SearchListCell.xib */; };
		E4F88FD622390F5F001B729F /* SearchResultCell.xib in Resources */ = {isa = PBXBuildFile; fileRef = E4F88FD522390F5F001B729F /* SearchResultCell.xib */; };
		FE7477118C1C753E61F0D1C7 /* Pods_appleAppSearch.framework in Frameworks */ = {isa = PBXBuildFile; fileRef = 698C1A0647A1142CFA109D00 /* Pods_appleAppSearch.framework */; };
/* End PBXBuildFile section */

/* Begin PBXFileReference section */
		698C1A0647A1142CFA109D00 /* Pods_appleAppSearch.framework */ = {isa = PBXFileReference; explicitFileType = wrapper.framework; includeInIndex = 0; path = Pods_appleAppSearch.framework; sourceTree = BUILT_PRODUCTS_DIR; };
		AA04B79C0C21680AC65D68FA /* Pods-appleAppSearch.debug.xcconfig */ = {isa = PBXFileReference; includeInIndex = 1; lastKnownFileType = text.xcconfig; name = "Pods-appleAppSearch.debug.xcconfig"; path = "Target Support Files/Pods-appleAppSearch/Pods-appleAppSearch.debug.xcconfig"; sourceTree = "<group>"; };
		CD1083A12233BA3200EAE560 /* SearchModel.swift */ = {isa = PBXFileReference; lastKnownFileType = sourcecode.swift; path = SearchModel.swift; sourceTree = "<group>"; };
		CD1083A4223418AD00EAE560 /* SearchResultController.swift */ = {isa = PBXFileReference; lastKnownFileType = sourcecode.swift; path = SearchResultController.swift; sourceTree = "<group>"; };
		CD13465D222C27F200331DBA /* SearchAppleApi.swift */ = {isa = PBXFileReference; lastKnownFileType = sourcecode.swift; path = SearchAppleApi.swift; sourceTree = "<group>"; };
		CD3EC520222ADBB700ECDD73 /* appleAppSearch.app */ = {isa = PBXFileReference; explicitFileType = wrapper.application; includeInIndex = 0; path = appleAppSearch.app; sourceTree = BUILT_PRODUCTS_DIR; };
		CD3EC523222ADBB700ECDD73 /* AppDelegate.swift */ = {isa = PBXFileReference; lastKnownFileType = sourcecode.swift; path = AppDelegate.swift; sourceTree = "<group>"; };
		CD3EC525222ADBB700ECDD73 /* testViewCon.swift */ = {isa = PBXFileReference; lastKnownFileType = sourcecode.swift; path = testViewCon.swift; sourceTree = "<group>"; };
		CD3EC528222ADBB700ECDD73 /* Base */ = {isa = PBXFileReference; lastKnownFileType = file.storyboard; name = Base; path = Base.lproj/Main.storyboard; sourceTree = "<group>"; };
		CD3EC52A222ADBB900ECDD73 /* Assets.xcassets */ = {isa = PBXFileReference; lastKnownFileType = folder.assetcatalog; path = Assets.xcassets; sourceTree = "<group>"; };
		CD3EC52D222ADBB900ECDD73 /* Base */ = {isa = PBXFileReference; lastKnownFileType = file.storyboard; name = Base; path = Base.lproj/LaunchScreen.storyboard; sourceTree = "<group>"; };
		CD3EC52F222ADBB900ECDD73 /* Info.plist */ = {isa = PBXFileReference; lastKnownFileType = text.plist.xml; path = Info.plist; sourceTree = "<group>"; };
		CD46AA06222AE1EF002EE3FE /* .swiftlint.yml */ = {isa = PBXFileReference; lastKnownFileType = text; path = .swiftlint.yml; sourceTree = "<group>"; };
		D9A0D9602BE8FE575EA6A186 /* Pods-appleAppSearch.release.xcconfig */ = {isa = PBXFileReference; includeInIndex = 1; lastKnownFileType = text.xcconfig; name = "Pods-appleAppSearch.release.xcconfig"; path = "Target Support Files/Pods-appleAppSearch/Pods-appleAppSearch.release.xcconfig"; sourceTree = "<group>"; };
		E4EA54C22236339A00426D0E /* AppleSearchDBManager.swift */ = {isa = PBXFileReference; lastKnownFileType = sourcecode.swift; path = AppleSearchDBManager.swift; sourceTree = "<group>"; };
		E4F88FC822365195001B729F /* NetworkCommunication.swift */ = {isa = PBXFileReference; lastKnownFileType = sourcecode.swift; path = NetworkCommunication.swift; sourceTree = "<group>"; };
		E4F88FCA2237798C001B729F /* SearchViewController.swift */ = {isa = PBXFileReference; lastKnownFileType = sourcecode.swift; path = SearchViewController.swift; sourceTree = "<group>"; };
		E4F88FCC2237AFB8001B729F /* SearchListController.swift */ = {isa = PBXFileReference; lastKnownFileType = sourcecode.swift; path = SearchListController.swift; sourceTree = "<group>"; };
		E4F88FD32238E465001B729F /* SearchListCell.xib */ = {isa = PBXFileReference; lastKnownFileType = file.xib; path = SearchListCell.xib; sourceTree = "<group>"; };
		E4F88FD522390F5F001B729F /* SearchResultCell.xib */ = {isa = PBXFileReference; lastKnownFileType = file.xib; path = SearchResultCell.xib; sourceTree = "<group>"; };
/* End PBXFileReference section */

/* Begin PBXFrameworksBuildPhase section */
		CD3EC51D222ADBB700ECDD73 /* Frameworks */ = {
			isa = PBXFrameworksBuildPhase;
			buildActionMask = 2147483647;
			files = (
				FE7477118C1C753E61F0D1C7 /* Pods_appleAppSearch.framework in Frameworks */,
			);
			runOnlyForDeploymentPostprocessing = 0;
		};
/* End PBXFrameworksBuildPhase section */

/* Begin PBXGroup section */
		42B5EAB23E8777B8417A474E /* Pods */ = {
			isa = PBXGroup;
			children = (
				AA04B79C0C21680AC65D68FA /* Pods-appleAppSearch.debug.xcconfig */,
				D9A0D9602BE8FE575EA6A186 /* Pods-appleAppSearch.release.xcconfig */,
			);
			path = Pods;
			sourceTree = "<group>";
		};
		CD1083A02233B91900EAE560 /* Model */ = {
			isa = PBXGroup;
			children = (
				CD1083A12233BA3200EAE560 /* SearchModel.swift */,
			);
			path = Model;
			sourceTree = "<group>";
		};
		CD1083A32234187000EAE560 /* ViewController */ = {
			isa = PBXGroup;
			children = (
				CD3EC525222ADBB700ECDD73 /* testViewCon.swift */,
				CD1083A4223418AD00EAE560 /* SearchResultController.swift */,
				E4F88FCA2237798C001B729F /* SearchViewController.swift */,
				E4F88FCC2237AFB8001B729F /* SearchListController.swift */,
			);
			path = ViewController;
			sourceTree = "<group>";
		};
		CD13465C222C27D200331DBA /* Network */ = {
			isa = PBXGroup;
			children = (
				CD13465D222C27F200331DBA /* SearchAppleApi.swift */,
				E4F88FC822365195001B729F /* NetworkCommunication.swift */,
			);
			path = Network;
			sourceTree = "<group>";
		};
		CD3EC517222ADBB700ECDD73 = {
			isa = PBXGroup;
			children = (
				CD3EC522222ADBB700ECDD73 /* appleAppSearch */,
				CD3EC521222ADBB700ECDD73 /* Products */,
				42B5EAB23E8777B8417A474E /* Pods */,
				CDEBF7DDC0CA92603E9C745B /* Frameworks */,
			);
			sourceTree = "<group>";
		};
		CD3EC521222ADBB700ECDD73 /* Products */ = {
			isa = PBXGroup;
			children = (
				CD3EC520222ADBB700ECDD73 /* appleAppSearch.app */,
			);
			name = Products;
			sourceTree = "<group>";
		};
		CD3EC522222ADBB700ECDD73 /* appleAppSearch */ = {
			isa = PBXGroup;
			children = (
				E4F88FCE2238E3AE001B729F /* View */,
				E4EA54C12236337E00426D0E /* Database */,
				CD1083A32234187000EAE560 /* ViewController */,
				CD1083A02233B91900EAE560 /* Model */,
				CD13465C222C27D200331DBA /* Network */,
				CD3EC523222ADBB700ECDD73 /* AppDelegate.swift */,
				CD3EC52A222ADBB900ECDD73 /* Assets.xcassets */,
				CD3EC52C222ADBB900ECDD73 /* LaunchScreen.storyboard */,
				CD3EC52F222ADBB900ECDD73 /* Info.plist */,
				CD46AA06222AE1EF002EE3FE /* .swiftlint.yml */,
			);
			path = appleAppSearch;
			sourceTree = "<group>";
		};
		CDEBF7DDC0CA92603E9C745B /* Frameworks */ = {
			isa = PBXGroup;
			children = (
				698C1A0647A1142CFA109D00 /* Pods_appleAppSearch.framework */,
			);
			name = Frameworks;
			sourceTree = "<group>";
		};
		E4EA54C12236337E00426D0E /* Database */ = {
			isa = PBXGroup;
			children = (
				E4EA54C22236339A00426D0E /* AppleSearchDBManager.swift */,
			);
			path = Database;
			sourceTree = "<group>";
		};
		E4F88FCE2238E3AE001B729F /* View */ = {
			isa = PBXGroup;
			children = (
				CD3EC527222ADBB700ECDD73 /* Main.storyboard */,
				E4F88FD32238E465001B729F /* SearchListCell.xib */,
				E4F88FD522390F5F001B729F /* SearchResultCell.xib */,
			);
			path = View;
			sourceTree = "<group>";
		};
/* End PBXGroup section */

/* Begin PBXNativeTarget section */
		CD3EC51F222ADBB700ECDD73 /* appleAppSearch */ = {
			isa = PBXNativeTarget;
			buildConfigurationList = CD3EC532222ADBB900ECDD73 /* Build configuration list for PBXNativeTarget "appleAppSearch" */;
			buildPhases = (
				EC14EDAF218CCA472B61CC0F /* [CP] Check Pods Manifest.lock */,
				CD3EC51C222ADBB700ECDD73 /* Sources */,
				CD3EC51D222ADBB700ECDD73 /* Frameworks */,
				CD3EC51E222ADBB700ECDD73 /* Resources */,
				0ECF37B45B645526ABA1EE6F /* [CP] Embed Pods Frameworks */,
			);
			buildRules = (
			);
			dependencies = (
			);
			name = appleAppSearch;
			productName = appleAppSearch;
			productReference = CD3EC520222ADBB700ECDD73 /* appleAppSearch.app */;
			productType = "com.apple.product-type.application";
		};
/* End PBXNativeTarget section */

/* Begin PBXProject section */
		CD3EC518222ADBB700ECDD73 /* Project object */ = {
			isa = PBXProject;
			attributes = {
				LastSwiftUpdateCheck = 1010;
				LastUpgradeCheck = 1010;
				ORGANIZATIONNAME = "hyunjun yang";
				TargetAttributes = {
					CD3EC51F222ADBB700ECDD73 = {
						CreatedOnToolsVersion = 10.1;
					};
				};
			};
			buildConfigurationList = CD3EC51B222ADBB700ECDD73 /* Build configuration list for PBXProject "appleAppSearch" */;
			compatibilityVersion = "Xcode 9.3";
			developmentRegion = en;
			hasScannedForEncodings = 0;
			knownRegions = (
				en,
				Base,
			);
			mainGroup = CD3EC517222ADBB700ECDD73;
			productRefGroup = CD3EC521222ADBB700ECDD73 /* Products */;
			projectDirPath = "";
			projectRoot = "";
			targets = (
				CD3EC51F222ADBB700ECDD73 /* appleAppSearch */,
			);
		};
/* End PBXProject section */

/* Begin PBXResourcesBuildPhase section */
		CD3EC51E222ADBB700ECDD73 /* Resources */ = {
			isa = PBXResourcesBuildPhase;
			buildActionMask = 2147483647;
			files = (
				CD46AA07222AE1EF002EE3FE /* .swiftlint.yml in Resources */,
				CD3EC52E222ADBB900ECDD73 /* LaunchScreen.storyboard in Resources */,
				CD3EC52B222ADBB900ECDD73 /* Assets.xcassets in Resources */,
				E4F88FD42238E465001B729F /* SearchListCell.xib in Resources */,
				E4F88FD622390F5F001B729F /* SearchResultCell.xib in Resources */,
				CD3EC529222ADBB700ECDD73 /* Main.storyboard in Resources */,
			);
			runOnlyForDeploymentPostprocessing = 0;
		};
/* End PBXResourcesBuildPhase section */

/* Begin PBXShellScriptBuildPhase section */
		0ECF37B45B645526ABA1EE6F /* [CP] Embed Pods Frameworks */ = {
			isa = PBXShellScriptBuildPhase;
			buildActionMask = 2147483647;
			files = (
			);
			inputFileListPaths = (
			);
			inputPaths = (
				"${PODS_ROOT}/Target Support Files/Pods-appleAppSearch/Pods-appleAppSearch-frameworks.sh",
				"${BUILT_PRODUCTS_DIR}/Alamofire/Alamofire.framework",
				"${BUILT_PRODUCTS_DIR}/Kingfisher/Kingfisher.framework",
				"${BUILT_PRODUCTS_DIR}/Moya/Moya.framework",
				"${BUILT_PRODUCTS_DIR}/Realm/Realm.framework",
				"${BUILT_PRODUCTS_DIR}/RealmSwift/RealmSwift.framework",
				"${BUILT_PRODUCTS_DIR}/Result/Result.framework",
				"${BUILT_PRODUCTS_DIR}/SwiftyBeaver/SwiftyBeaver.framework",
			);
			name = "[CP] Embed Pods Frameworks";
			outputFileListPaths = (
			);
			outputPaths = (
				"${TARGET_BUILD_DIR}/${FRAMEWORKS_FOLDER_PATH}/Alamofire.framework",
				"${TARGET_BUILD_DIR}/${FRAMEWORKS_FOLDER_PATH}/Kingfisher.framework",
				"${TARGET_BUILD_DIR}/${FRAMEWORKS_FOLDER_PATH}/Moya.framework",
				"${TARGET_BUILD_DIR}/${FRAMEWORKS_FOLDER_PATH}/Realm.framework",
				"${TARGET_BUILD_DIR}/${FRAMEWORKS_FOLDER_PATH}/RealmSwift.framework",
				"${TARGET_BUILD_DIR}/${FRAMEWORKS_FOLDER_PATH}/Result.framework",
				"${TARGET_BUILD_DIR}/${FRAMEWORKS_FOLDER_PATH}/SwiftyBeaver.framework",
			);
			runOnlyForDeploymentPostprocessing = 0;
			shellPath = /bin/sh;
			shellScript = "\"${PODS_ROOT}/Target Support Files/Pods-appleAppSearch/Pods-appleAppSearch-frameworks.sh\"\n";
			showEnvVarsInLog = 0;
		};
		EC14EDAF218CCA472B61CC0F /* [CP] Check Pods Manifest.lock */ = {
			isa = PBXShellScriptBuildPhase;
			buildActionMask = 2147483647;
			files = (
			);
			inputFileListPaths = (
			);
			inputPaths = (
				"${PODS_PODFILE_DIR_PATH}/Podfile.lock",
				"${PODS_ROOT}/Manifest.lock",
			);
			name = "[CP] Check Pods Manifest.lock";
			outputFileListPaths = (
			);
			outputPaths = (
				"$(DERIVED_FILE_DIR)/Pods-appleAppSearch-checkManifestLockResult.txt",
			);
			runOnlyForDeploymentPostprocessing = 0;
			shellPath = /bin/sh;
			shellScript = "diff \"${PODS_PODFILE_DIR_PATH}/Podfile.lock\" \"${PODS_ROOT}/Manifest.lock\" > /dev/null\nif [ $? != 0 ] ; then\n    # print error to STDERR\n    echo \"error: The sandbox is not in sync with the Podfile.lock. Run 'pod install' or update your CocoaPods installation.\" >&2\n    exit 1\nfi\n# This output is used by Xcode 'outputs' to avoid re-running this script phase.\necho \"SUCCESS\" > \"${SCRIPT_OUTPUT_FILE_0}\"\n";
			showEnvVarsInLog = 0;
		};
/* End PBXShellScriptBuildPhase section */

/* Begin PBXSourcesBuildPhase section */
		CD3EC51C222ADBB700ECDD73 /* Sources */ = {
			isa = PBXSourcesBuildPhase;
			buildActionMask = 2147483647;
			files = (
				CD13465E222C27F200331DBA /* SearchAppleApi.swift in Sources */,
				CD3EC526222ADBB700ECDD73 /* testViewCon.swift in Sources */,
				E4F88FCB2237798C001B729F /* SearchViewController.swift in Sources */,
				E4F88FCD2237AFB8001B729F /* SearchListController.swift in Sources */,
				CD1083A5223418AD00EAE560 /* SearchResultController.swift in Sources */,
				E4F88FC922365195001B729F /* NetworkCommunication.swift in Sources */,
				CD3EC524222ADBB700ECDD73 /* AppDelegate.swift in Sources */,
				CD1083A22233BA3300EAE560 /* SearchModel.swift in Sources */,
				E4EA54C32236339A00426D0E /* AppleSearchDBManager.swift in Sources */,
			);
			runOnlyForDeploymentPostprocessing = 0;
		};
/* End PBXSourcesBuildPhase section */

/* Begin PBXVariantGroup section */
		CD3EC527222ADBB700ECDD73 /* Main.storyboard */ = {
			isa = PBXVariantGroup;
			children = (
				CD3EC528222ADBB700ECDD73 /* Base */,
			);
			name = Main.storyboard;
			sourceTree = "<group>";
		};
		CD3EC52C222ADBB900ECDD73 /* LaunchScreen.storyboard */ = {
			isa = PBXVariantGroup;
			children = (
				CD3EC52D222ADBB900ECDD73 /* Base */,
			);
			name = LaunchScreen.storyboard;
			sourceTree = "<group>";
		};
/* End PBXVariantGroup section */

/* Begin XCBuildConfiguration section */
		CD3EC530222ADBB900ECDD73 /* Debug */ = {
			isa = XCBuildConfiguration;
			buildSettings = {
				ALWAYS_SEARCH_USER_PATHS = NO;
				CLANG_ANALYZER_NONNULL = YES;
				CLANG_ANALYZER_NUMBER_OBJECT_CONVERSION = YES_AGGRESSIVE;
				CLANG_CXX_LANGUAGE_STANDARD = "gnu++14";
				CLANG_CXX_LIBRARY = "libc++";
				CLANG_ENABLE_MODULES = YES;
				CLANG_ENABLE_OBJC_ARC = YES;
				CLANG_ENABLE_OBJC_WEAK = YES;
				CLANG_WARN_BLOCK_CAPTURE_AUTORELEASING = YES;
				CLANG_WARN_BOOL_CONVERSION = YES;
				CLANG_WARN_COMMA = YES;
				CLANG_WARN_CONSTANT_CONVERSION = YES;
				CLANG_WARN_DEPRECATED_OBJC_IMPLEMENTATIONS = YES;
				CLANG_WARN_DIRECT_OBJC_ISA_USAGE = YES_ERROR;
				CLANG_WARN_DOCUMENTATION_COMMENTS = YES;
				CLANG_WARN_EMPTY_BODY = YES;
				CLANG_WARN_ENUM_CONVERSION = YES;
				CLANG_WARN_INFINITE_RECURSION = YES;
				CLANG_WARN_INT_CONVERSION = YES;
				CLANG_WARN_NON_LITERAL_NULL_CONVERSION = YES;
				CLANG_WARN_OBJC_IMPLICIT_RETAIN_SELF = YES;
				CLANG_WARN_OBJC_LITERAL_CONVERSION = YES;
				CLANG_WARN_OBJC_ROOT_CLASS = YES_ERROR;
				CLANG_WARN_RANGE_LOOP_ANALYSIS = YES;
				CLANG_WARN_STRICT_PROTOTYPES = YES;
				CLANG_WARN_SUSPICIOUS_MOVE = YES;
				CLANG_WARN_UNGUARDED_AVAILABILITY = YES_AGGRESSIVE;
				CLANG_WARN_UNREACHABLE_CODE = YES;
				CLANG_WARN__DUPLICATE_METHOD_MATCH = YES;
				CODE_SIGN_IDENTITY = "iPhone Developer";
				COPY_PHASE_STRIP = NO;
				DEBUG_INFORMATION_FORMAT = dwarf;
				ENABLE_STRICT_OBJC_MSGSEND = YES;
				ENABLE_TESTABILITY = YES;
				GCC_C_LANGUAGE_STANDARD = gnu11;
				GCC_DYNAMIC_NO_PIC = NO;
				GCC_NO_COMMON_BLOCKS = YES;
				GCC_OPTIMIZATION_LEVEL = 0;
				GCC_PREPROCESSOR_DEFINITIONS = (
					"DEBUG=1",
					"$(inherited)",
				);
				GCC_WARN_64_TO_32_BIT_CONVERSION = YES;
				GCC_WARN_ABOUT_RETURN_TYPE = YES_ERROR;
				GCC_WARN_UNDECLARED_SELECTOR = YES;
				GCC_WARN_UNINITIALIZED_AUTOS = YES_AGGRESSIVE;
				GCC_WARN_UNUSED_FUNCTION = YES;
				GCC_WARN_UNUSED_VARIABLE = YES;
				IPHONEOS_DEPLOYMENT_TARGET = 12.1;
				MTL_ENABLE_DEBUG_INFO = INCLUDE_SOURCE;
				MTL_FAST_MATH = YES;
				ONLY_ACTIVE_ARCH = YES;
				SDKROOT = iphoneos;
				SWIFT_ACTIVE_COMPILATION_CONDITIONS = DEBUG;
				SWIFT_OPTIMIZATION_LEVEL = "-Onone";
			};
			name = Debug;
		};
		CD3EC531222ADBB900ECDD73 /* Release */ = {
			isa = XCBuildConfiguration;
			buildSettings = {
				ALWAYS_SEARCH_USER_PATHS = NO;
				CLANG_ANALYZER_NONNULL = YES;
				CLANG_ANALYZER_NUMBER_OBJECT_CONVERSION = YES_AGGRESSIVE;
				CLANG_CXX_LANGUAGE_STANDARD = "gnu++14";
				CLANG_CXX_LIBRARY = "libc++";
				CLANG_ENABLE_MODULES = YES;
				CLANG_ENABLE_OBJC_ARC = YES;
				CLANG_ENABLE_OBJC_WEAK = YES;
				CLANG_WARN_BLOCK_CAPTURE_AUTORELEASING = YES;
				CLANG_WARN_BOOL_CONVERSION = YES;
				CLANG_WARN_COMMA = YES;
				CLANG_WARN_CONSTANT_CONVERSION = YES;
				CLANG_WARN_DEPRECATED_OBJC_IMPLEMENTATIONS = YES;
				CLANG_WARN_DIRECT_OBJC_ISA_USAGE = YES_ERROR;
				CLANG_WARN_DOCUMENTATION_COMMENTS = YES;
				CLANG_WARN_EMPTY_BODY = YES;
				CLANG_WARN_ENUM_CONVERSION = YES;
				CLANG_WARN_INFINITE_RECURSION = YES;
				CLANG_WARN_INT_CONVERSION = YES;
				CLANG_WARN_NON_LITERAL_NULL_CONVERSION = YES;
				CLANG_WARN_OBJC_IMPLICIT_RETAIN_SELF = YES;
				CLANG_WARN_OBJC_LITERAL_CONVERSION = YES;
				CLANG_WARN_OBJC_ROOT_CLASS = YES_ERROR;
				CLANG_WARN_RANGE_LOOP_ANALYSIS = YES;
				CLANG_WARN_STRICT_PROTOTYPES = YES;
				CLANG_WARN_SUSPICIOUS_MOVE = YES;
				CLANG_WARN_UNGUARDED_AVAILABILITY = YES_AGGRESSIVE;
				CLANG_WARN_UNREACHABLE_CODE = YES;
				CLANG_WARN__DUPLICATE_METHOD_MATCH = YES;
				CODE_SIGN_IDENTITY = "iPhone Developer";
				COPY_PHASE_STRIP = NO;
				DEBUG_INFORMATION_FORMAT = "dwarf-with-dsym";
				ENABLE_NS_ASSERTIONS = NO;
				ENABLE_STRICT_OBJC_MSGSEND = YES;
				GCC_C_LANGUAGE_STANDARD = gnu11;
				GCC_NO_COMMON_BLOCKS = YES;
				GCC_WARN_64_TO_32_BIT_CONVERSION = YES;
				GCC_WARN_ABOUT_RETURN_TYPE = YES_ERROR;
				GCC_WARN_UNDECLARED_SELECTOR = YES;
				GCC_WARN_UNINITIALIZED_AUTOS = YES_AGGRESSIVE;
				GCC_WARN_UNUSED_FUNCTION = YES;
				GCC_WARN_UNUSED_VARIABLE = YES;
				IPHONEOS_DEPLOYMENT_TARGET = 12.1;
				MTL_ENABLE_DEBUG_INFO = NO;
				MTL_FAST_MATH = YES;
				SDKROOT = iphoneos;
				SWIFT_COMPILATION_MODE = wholemodule;
				SWIFT_OPTIMIZATION_LEVEL = "-O";
				VALIDATE_PRODUCT = YES;
			};
			name = Release;
		};
		CD3EC533222ADBB900ECDD73 /* Debug */ = {
			isa = XCBuildConfiguration;
			baseConfigurationReference = AA04B79C0C21680AC65D68FA /* Pods-appleAppSearch.debug.xcconfig */;
			buildSettings = {
				ASSETCATALOG_COMPILER_APPICON_NAME = AppIcon;
				CODE_SIGN_STYLE = Automatic;
				INFOPLIST_FILE = appleAppSearch/Info.plist;
				LD_RUNPATH_SEARCH_PATHS = (
					"$(inherited)",
					"@executable_path/Frameworks",
				);
				PRODUCT_BUNDLE_IDENTIFIER = Home.appleAppSearch;
				PRODUCT_NAME = "$(TARGET_NAME)";
				SWIFT_VERSION = 4.2;
				TARGETED_DEVICE_FAMILY = "1,2";
			};
			name = Debug;
		};
		CD3EC534222ADBB900ECDD73 /* Release */ = {
			isa = XCBuildConfiguration;
			baseConfigurationReference = D9A0D9602BE8FE575EA6A186 /* Pods-appleAppSearch.release.xcconfig */;
			buildSettings = {
				ASSETCATALOG_COMPILER_APPICON_NAME = AppIcon;
				CODE_SIGN_STYLE = Automatic;
				INFOPLIST_FILE = appleAppSearch/Info.plist;
				LD_RUNPATH_SEARCH_PATHS = (
					"$(inherited)",
					"@executable_path/Frameworks",
				);
				PRODUCT_BUNDLE_IDENTIFIER = Home.appleAppSearch;
				PRODUCT_NAME = "$(TARGET_NAME)";
				SWIFT_VERSION = 4.2;
				TARGETED_DEVICE_FAMILY = "1,2";
			};
			name = Release;
		};
/* End XCBuildConfiguration section */

/* Begin XCConfigurationList section */
		CD3EC51B222ADBB700ECDD73 /* Build configuration list for PBXProject "appleAppSearch" */ = {
			isa = XCConfigurationList;
			buildConfigurations = (
				CD3EC530222ADBB900ECDD73 /* Debug */,
				CD3EC531222ADBB900ECDD73 /* Release */,
			);
			defaultConfigurationIsVisible = 0;
			defaultConfigurationName = Release;
		};
		CD3EC532222ADBB900ECDD73 /* Build configuration list for PBXNativeTarget "appleAppSearch" */ = {
			isa = XCConfigurationList;
			buildConfigurations = (
				CD3EC533222ADBB900ECDD73 /* Debug */,
				CD3EC534222ADBB900ECDD73 /* Release */,
			);
			defaultConfigurationIsVisible = 0;
			defaultConfigurationName = Release;
		};
/* End XCConfigurationList section */
	};
	rootObject = CD3EC518222ADBB700ECDD73 /* Project object */;
}
